
Microsoft Visual Studio Solution File, Format Version 12.00
# Visual Studio Version 17
VisualStudioVersion = 17.4.33110.190
MinimumVisualStudioVersion = 10.0.40219.1
Project("{FAE04EC0-301F-11D3-BF4B-00C04F79EFBC}") = "Server", "Server\Server.csproj", "{04CC0511-19EA-472F-8FF6-06B04F104D19}"
EndProject
Global
	GlobalSection(SolutionConfigurationPlatforms) = preSolution
		Debug|Any CPU = Debug|Any CPU
		Release|Any CPU = Release|Any CPU
	EndGlobalSection
	GlobalSection(ProjectConfigurationPlatforms) = postSolution
		{04CC0511-19EA-472F-8FF6-06B04F104D19}.Debug|Any CPU.ActiveCfg = Debug|Any CPU
		{04CC0511-19EA-472F-8FF6-06B04F104D19}.Debug|Any CPU.Build.0 = Debug|Any CPU
		{04CC0511-19EA-472F-8FF6-06B04F104D19}.Release|Any CPU.ActiveCfg = Release|Any CPU
		{04CC0511-19EA-472F-8FF6-06B04F104D19}.Release|Any CPU.Build.0 = Release|Any CPU
	EndGlobalSection
	GlobalSection(SolutionProperties) = preSolution
		HideSolutionNode = FALSE
	EndGlobalSection
	GlobalSection(ExtensibilityGlobals) = postSolution
		SolutionGuid = {F334FFD5-0382-4BB6-B63E-F65F941300A7}
	EndGlobalSection
EndGlobal
